
Microsoft Visual Studio Solution File, Format Version 12.00
# Visual Studio Version 16
VisualStudioVersion = 16.0.29201.188
MinimumVisualStudioVersion = 10.0.40219.1
Project("{FAE04EC0-301F-11D3-BF4B-00C04F79EFBC}") = "DapperDemo", "DapperDemo\DapperDemo.csproj", "{CEE5F6A3-367A-4D59-9BC9-BDC016DB06E9}"
EndProject
Project("{FAE04EC0-301F-11D3-BF4B-00C04F79EFBC}") = "DapperDemo.Models", "DapperDemo.Models\DapperDemo.Models.csproj", "{A21C45AA-E9A7-4092-9778-678C825B5758}"
EndProject
Project("{FAE04EC0-301F-11D3-BF4B-00C04F79EFBC}") = "DapperDemo.Models.Tests", "DapperDemo.Models.Tests\DapperDemo.Models.Tests.csproj", "{C43DA5EE-D5E5-4D14-8E4A-6AB18245F2DD}"
EndProject
Project("{00D1A9C2-B5F0-4AF3-8072-F6C62B433612}") = "DapperDemo.Database", "DapperDemo.Database\DapperDemo.Database.sqlproj", "{77F29D26-8628-444D-B12B-E4C1F4CC5933}"
EndProject
Project("{FAE04EC0-301F-11D3-BF4B-00C04F79EFBC}") = "DapperDemo.Web", "DapperDemo.Web\DapperDemo.Web.csproj", "{447EBA2D-BDFC-46FD-B0C4-F70C8896024E}"
EndProject
Project("{9A19103F-16F7-4668-BE54-9A1E7A4F7556}") = "DotNetNote", "DotNetNote\DotNetNote.csproj", "{A7BFAB51-A992-4E59-AABA-27E27B2BB6CE}"
EndProject
Project("{2150E333-8FDC-42A3-9474-1A3956D46DE8}") = "Demos", "Demos", "{51FE7136-3E8A-4B18-8A9F-107752F91C3B}"
EndProject
Project("{2150E333-8FDC-42A3-9474-1A3956D46DE8}") = "01_DapperDemo", "01_DapperDemo", "{F0DC5FF2-9723-4D7C-962A-0E2F3237D534}"
EndProject
Project("{2150E333-8FDC-42A3-9474-1A3956D46DE8}") = "02_VideoAppCore", "02_VideoAppCore", "{1DE90070-77FD-4100-B63B-180572B8B3B8}"
EndProject
Project("{FAE04EC0-301F-11D3-BF4B-00C04F79EFBC}") = "VideoAppCore.Models", "VideoAppCore.Models\VideoAppCore.Models.csproj", "{33D8E0EB-540C-45BF-8DAC-2E6E2DACB707}"
EndProject
Project("{00D1A9C2-B5F0-4AF3-8072-F6C62B433612}") = "VideoAppCore.SqlServer", "VideoAppCore.SqlServer\VideoAppCore.SqlServer.sqlproj", "{8EC70B01-087C-4773-94A1-328FE78798E5}"
EndProject
Project("{FAE04EC0-301F-11D3-BF4B-00C04F79EFBC}") = "VideoAppCore.Models.Tests", "VideoAppCore.Models.Tests\VideoAppCore.Models.Tests.csproj", "{D80C1508-5297-4F31-89EA-ACBEB1A1B493}"
EndProject
Global
	GlobalSection(SolutionConfigurationPlatforms) = preSolution
		Debug|Any CPU = Debug|Any CPU
		Release|Any CPU = Release|Any CPU
	EndGlobalSection
	GlobalSection(ProjectConfigurationPlatforms) = postSolution
		{CEE5F6A3-367A-4D59-9BC9-BDC016DB06E9}.Debug|Any CPU.ActiveCfg = Debug|Any CPU
		{CEE5F6A3-367A-4D59-9BC9-BDC016DB06E9}.Debug|Any CPU.Build.0 = Debug|Any CPU
		{CEE5F6A3-367A-4D59-9BC9-BDC016DB06E9}.Release|Any CPU.ActiveCfg = Release|Any CPU
		{CEE5F6A3-367A-4D59-9BC9-BDC016DB06E9}.Release|Any CPU.Build.0 = Release|Any CPU
		{A21C45AA-E9A7-4092-9778-678C825B5758}.Debug|Any CPU.ActiveCfg = Debug|Any CPU
		{A21C45AA-E9A7-4092-9778-678C825B5758}.Debug|Any CPU.Build.0 = Debug|Any CPU
		{A21C45AA-E9A7-4092-9778-678C825B5758}.Release|Any CPU.ActiveCfg = Release|Any CPU
		{A21C45AA-E9A7-4092-9778-678C825B5758}.Release|Any CPU.Build.0 = Release|Any CPU
		{C43DA5EE-D5E5-4D14-8E4A-6AB18245F2DD}.Debug|Any CPU.ActiveCfg = Debug|Any CPU
		{C43DA5EE-D5E5-4D14-8E4A-6AB18245F2DD}.Debug|Any CPU.Build.0 = Debug|Any CPU
		{C43DA5EE-D5E5-4D14-8E4A-6AB18245F2DD}.Release|Any CPU.ActiveCfg = Release|Any CPU
		{C43DA5EE-D5E5-4D14-8E4A-6AB18245F2DD}.Release|Any CPU.Build.0 = Release|Any CPU
		{77F29D26-8628-444D-B12B-E4C1F4CC5933}.Debug|Any CPU.ActiveCfg = Debug|Any CPU
		{77F29D26-8628-444D-B12B-E4C1F4CC5933}.Debug|Any CPU.Build.0 = Debug|Any CPU
		{77F29D26-8628-444D-B12B-E4C1F4CC5933}.Debug|Any CPU.Deploy.0 = Debug|Any CPU
		{77F29D26-8628-444D-B12B-E4C1F4CC5933}.Release|Any CPU.ActiveCfg = Release|Any CPU
		{77F29D26-8628-444D-B12B-E4C1F4CC5933}.Release|Any CPU.Build.0 = Release|Any CPU
		{77F29D26-8628-444D-B12B-E4C1F4CC5933}.Release|Any CPU.Deploy.0 = Release|Any CPU
		{447EBA2D-BDFC-46FD-B0C4-F70C8896024E}.Debug|Any CPU.ActiveCfg = Debug|Any CPU
		{447EBA2D-BDFC-46FD-B0C4-F70C8896024E}.Debug|Any CPU.Build.0 = Debug|Any CPU
		{447EBA2D-BDFC-46FD-B0C4-F70C8896024E}.Release|Any CPU.ActiveCfg = Release|Any CPU
		{447EBA2D-BDFC-46FD-B0C4-F70C8896024E}.Release|Any CPU.Build.0 = Release|Any CPU
		{A7BFAB51-A992-4E59-AABA-27E27B2BB6CE}.Debug|Any CPU.ActiveCfg = Debug|Any CPU
		{A7BFAB51-A992-4E59-AABA-27E27B2BB6CE}.Debug|Any CPU.Build.0 = Debug|Any CPU
		{A7BFAB51-A992-4E59-AABA-27E27B2BB6CE}.Release|Any CPU.ActiveCfg = Release|Any CPU
		{A7BFAB51-A992-4E59-AABA-27E27B2BB6CE}.Release|Any CPU.Build.0 = Release|Any CPU
		{33D8E0EB-540C-45BF-8DAC-2E6E2DACB707}.Debug|Any CPU.ActiveCfg = Debug|Any CPU
		{33D8E0EB-540C-45BF-8DAC-2E6E2DACB707}.Debug|Any CPU.Build.0 = Debug|Any CPU
		{33D8E0EB-540C-45BF-8DAC-2E6E2DACB707}.Release|Any CPU.ActiveCfg = Release|Any CPU
		{33D8E0EB-540C-45BF-8DAC-2E6E2DACB707}.Release|Any CPU.Build.0 = Release|Any CPU
		{8EC70B01-087C-4773-94A1-328FE78798E5}.Debug|Any CPU.ActiveCfg = Debug|Any CPU
		{8EC70B01-087C-4773-94A1-328FE78798E5}.Debug|Any CPU.Build.0 = Debug|Any CPU
		{8EC70B01-087C-4773-94A1-328FE78798E5}.Debug|Any CPU.Deploy.0 = Debug|Any CPU
		{8EC70B01-087C-4773-94A1-328FE78798E5}.Release|Any CPU.ActiveCfg = Release|Any CPU
		{8EC70B01-087C-4773-94A1-328FE78798E5}.Release|Any CPU.Build.0 = Release|Any CPU
		{8EC70B01-087C-4773-94A1-328FE78798E5}.Release|Any CPU.Deploy.0 = Release|Any CPU
		{D80C1508-5297-4F31-89EA-ACBEB1A1B493}.Debug|Any CPU.ActiveCfg = Debug|Any CPU
		{D80C1508-5297-4F31-89EA-ACBEB1A1B493}.Debug|Any CPU.Build.0 = Debug|Any CPU
		{D80C1508-5297-4F31-89EA-ACBEB1A1B493}.Release|Any CPU.ActiveCfg = Release|Any CPU
		{D80C1508-5297-4F31-89EA-ACBEB1A1B493}.Release|Any CPU.Build.0 = Release|Any CPU
	EndGlobalSection
	GlobalSection(SolutionProperties) = preSolution
		HideSolutionNode = FALSE
	EndGlobalSection
	GlobalSection(NestedProjects) = preSolution
		{CEE5F6A3-367A-4D59-9BC9-BDC016DB06E9} = {F0DC5FF2-9723-4D7C-962A-0E2F3237D534}
		{A21C45AA-E9A7-4092-9778-678C825B5758} = {F0DC5FF2-9723-4D7C-962A-0E2F3237D534}
		{C43DA5EE-D5E5-4D14-8E4A-6AB18245F2DD} = {F0DC5FF2-9723-4D7C-962A-0E2F3237D534}
		{77F29D26-8628-444D-B12B-E4C1F4CC5933} = {F0DC5FF2-9723-4D7C-962A-0E2F3237D534}
		{447EBA2D-BDFC-46FD-B0C4-F70C8896024E} = {F0DC5FF2-9723-4D7C-962A-0E2F3237D534}
		{A7BFAB51-A992-4E59-AABA-27E27B2BB6CE} = {51FE7136-3E8A-4B18-8A9F-107752F91C3B}
		{51FE7136-3E8A-4B18-8A9F-107752F91C3B} = {F0DC5FF2-9723-4D7C-962A-0E2F3237D534}
		{33D8E0EB-540C-45BF-8DAC-2E6E2DACB707} = {1DE90070-77FD-4100-B63B-180572B8B3B8}
		{8EC70B01-087C-4773-94A1-328FE78798E5} = {1DE90070-77FD-4100-B63B-180572B8B3B8}
		{D80C1508-5297-4F31-89EA-ACBEB1A1B493} = {1DE90070-77FD-4100-B63B-180572B8B3B8}
	EndGlobalSection
	GlobalSection(ExtensibilityGlobals) = postSolution
		SolutionGuid = {F924B5A8-D485-42EC-8489-1B2756F78C64}
	EndGlobalSection
EndGlobal
